
Microsoft Visual Studio Solution File, Format Version 12.00
# Visual Studio Version 16
VisualStudioVersion = 16.0.29001.49
MinimumVisualStudioVersion = 10.0.40219.1
Project("{FAE04EC0-301F-11D3-BF4B-00C04F79EFBC}") = "Consolas", "Consolas\Consolas.csproj", "{D2B49597-AC74-4CD0-B4C6-22A3DDB8EA82}"
EndProject
Global
	GlobalSection(SolutionConfigurationPlatforms) = preSolution
		Debug|Any CPU = Debug|Any CPU
		Release|Any CPU = Release|Any CPU
	EndGlobalSection
	GlobalSection(ProjectConfigurationPlatforms) = postSolution
		{D2B49597-AC74-4CD0-B4C6-22A3DDB8EA82}.Debug|Any CPU.ActiveCfg = Debug|Any CPU
		{D2B49597-AC74-4CD0-B4C6-22A3DDB8EA82}.Debug|Any CPU.Build.0 = Debug|Any CPU
		{D2B49597-AC74-4CD0-B4C6-22A3DDB8EA82}.Release|Any CPU.ActiveCfg = Release|Any CPU
		{D2B49597-AC74-4CD0-B4C6-22A3DDB8EA82}.Release|Any CPU.Build.0 = Release|Any CPU
	EndGlobalSection
	GlobalSection(SolutionProperties) = preSolution
		HideSolutionNode = FALSE
	EndGlobalSection
	GlobalSection(ExtensibilityGlobals) = postSolution
		SolutionGuid = {C4135B13-5934-41BD-A488-377F77D58F81}
	EndGlobalSection
EndGlobal
